
Microsoft Visual Studio Solution File, Format Version 12.00
# Visual Studio Version 17
VisualStudioVersion = 17.9.34622.214
MinimumVisualStudioVersion = 10.0.40219.1
Project("{FAE04EC0-301F-11D3-BF4B-00C04F79EFBC}") = "Domain", "Domain\Domain.csproj", "{DBBE2880-BB7D-405A-83F1-1C684446094E}"
EndProject
Project("{FAE04EC0-301F-11D3-BF4B-00C04F79EFBC}") = "Application", "Application\Application.csproj", "{B94307BB-2D17-4B1F-ADB1-8992EA06BC62}"
EndProject
Project("{FAE04EC0-301F-11D3-BF4B-00C04F79EFBC}") = "Infrastructure", "Infrastructure\Infrastructure.csproj", "{863C9FAA-270E-4B76-93AF-F9D0FB1FFCCE}"
EndProject
Project("{FAE04EC0-301F-11D3-BF4B-00C04F79EFBC}") = "API", "API\API.csproj", "{C4115CB3-0E14-4BA6-A417-11805CA4FF2C}"
EndProject
Global
	GlobalSection(SolutionConfigurationPlatforms) = preSolution
		Debug|Any CPU = Debug|Any CPU
		Release|Any CPU = Release|Any CPU
	EndGlobalSection
	GlobalSection(ProjectConfigurationPlatforms) = postSolution
		{DBBE2880-BB7D-405A-83F1-1C684446094E}.Debug|Any CPU.ActiveCfg = Debug|Any CPU
		{DBBE2880-BB7D-405A-83F1-1C684446094E}.Debug|Any CPU.Build.0 = Debug|Any CPU
		{DBBE2880-BB7D-405A-83F1-1C684446094E}.Release|Any CPU.ActiveCfg = Release|Any CPU
		{DBBE2880-BB7D-405A-83F1-1C684446094E}.Release|Any CPU.Build.0 = Release|Any CPU
		{B94307BB-2D17-4B1F-ADB1-8992EA06BC62}.Debug|Any CPU.ActiveCfg = Debug|Any CPU
		{B94307BB-2D17-4B1F-ADB1-8992EA06BC62}.Debug|Any CPU.Build.0 = Debug|Any CPU
		{B94307BB-2D17-4B1F-ADB1-8992EA06BC62}.Release|Any CPU.ActiveCfg = Release|Any CPU
		{B94307BB-2D17-4B1F-ADB1-8992EA06BC62}.Release|Any CPU.Build.0 = Release|Any CPU
		{863C9FAA-270E-4B76-93AF-F9D0FB1FFCCE}.Debug|Any CPU.ActiveCfg = Debug|Any CPU
		{863C9FAA-270E-4B76-93AF-F9D0FB1FFCCE}.Debug|Any CPU.Build.0 = Debug|Any CPU
		{863C9FAA-270E-4B76-93AF-F9D0FB1FFCCE}.Release|Any CPU.ActiveCfg = Release|Any CPU
		{863C9FAA-270E-4B76-93AF-F9D0FB1FFCCE}.Release|Any CPU.Build.0 = Release|Any CPU
		{C4115CB3-0E14-4BA6-A417-11805CA4FF2C}.Debug|Any CPU.ActiveCfg = Debug|Any CPU
		{C4115CB3-0E14-4BA6-A417-11805CA4FF2C}.Debug|Any CPU.Build.0 = Debug|Any CPU
		{C4115CB3-0E14-4BA6-A417-11805CA4FF2C}.Release|Any CPU.ActiveCfg = Release|Any CPU
		{C4115CB3-0E14-4BA6-A417-11805CA4FF2C}.Release|Any CPU.Build.0 = Release|Any CPU
	EndGlobalSection
	GlobalSection(SolutionProperties) = preSolution
		HideSolutionNode = FALSE
	EndGlobalSection
	GlobalSection(ExtensibilityGlobals) = postSolution
		SolutionGuid = {2446EED4-F6FF-4302-9243-9F35A2B6126F}
	EndGlobalSection
EndGlobal
